schema: '2.0'
stages:
  data_ingestion:
    cmd: python src/data/data_ingestion.py
    deps:
    - path: src/data/data_ingestion.py
      hash: md5
      md5: bb90bfe1d3421ae80bc439a161d04e3e
      size: 3449
    params:
      params.yaml:
        data_ingestion.test_size: 0.2
    outs:
    - path: data/raw
      hash: md5
      md5: fb326d2eec197669f9638afde28356bf.dir
      size: 827973
      nfiles: 2
  data_preprocessing:
    cmd: python src/data/data_preprocessing.py
    deps:
    - path: data/raw
      hash: md5
      md5: fb326d2eec197669f9638afde28356bf.dir
      size: 827973
      nfiles: 2
    - path: src/data/data_preprocessing.py
      hash: md5
      md5: 2031843912c4af269f668db21e154783
      size: 3895
    outs:
    - path: data/interim
      hash: md5
      md5: ef37afd17951ea8af23114b28d26f784.dir
      size: 566210
      nfiles: 2
  feature_engineering:
    cmd: python src/features/feature_engineering.py
    deps:
    - path: data/interim
      hash: md5
      md5: ef37afd17951ea8af23114b28d26f784.dir
      size: 566210
      nfiles: 2
    - path: src/features/feature_engineering.py
      hash: md5
      md5: a4e2c9d9336aabf06653beacce87912e
      size: 3770
    params:
      params.yaml:
        feature_engineering.max_features: 3000
    outs:
    - path: data/processed
      hash: md5
      md5: e045547c1f63835681212352f5f12e0e.dir
      size: 62302916
      nfiles: 2
    - path: models/vectorizer.pkl
      hash: md5
      md5: bc02041c6fbec830ac2bc1f33cfe9789
      size: 70993
  model_building:
    cmd: python src/model/model_building.py
    deps:
    - path: data/processed
      hash: md5
      md5: e045547c1f63835681212352f5f12e0e.dir
      size: 62302916
      nfiles: 2
    - path: src/model/model_building.py
      hash: md5
      md5: 4d89bb8181366c524ab585b55705b265
      size: 2298
    outs:
    - path: models/model.pkl
      hash: md5
      md5: ef0ba05e44d2a4f6fa52db5f8067e339
      size: 24716
  model_evaluation:
    cmd: python src/model/model_evaluation.py
    deps:
    - path: models/model.pkl
      hash: md5
      md5: ef0ba05e44d2a4f6fa52db5f8067e339
      size: 24716
    - path: src/model/model_evaluation.py
      hash: md5
      md5: 83bba59a0aeb8b2bfad57802ffe2b3fa
      size: 5847
    outs:
    - path: reports/experiment_info.json
      hash: md5
      md5: a0fef73fa1bf0df781403ba240c7fb78
      size: 82
    - path: reports/metrics.json
      hash: md5
      md5: 0f960461d7dba73e424a88ce1b7170b6
      size: 144
  model_registration:
    cmd: python src/model/register_model.py
    deps:
    - path: reports/experiment_info.json
      hash: md5
      md5: a0fef73fa1bf0df781403ba240c7fb78
      size: 82
    - path: src/model/register_model.py
      hash: md5
      md5: a6976b677522669a6652db97ed12243f
      size: 2941
